// !$*UTF8*$!
{
	archiveVersion = 1;
	classes = {
	};
	objectVersion = 56;
	objects = {

/* Begin PBXBuildFile section */
		042E0EC52DBB2CBE008CFC7F /* PageNumber.swift in Sources */ = {isa = PBXBuildFile; fileRef = 042E0EC42DBB2CBE008CFC7F /* PageNumber.swift */; };
		042E0EC72DBB3809008CFC7F /* AppText.swift in Sources */ = {isa = PBXBuildFile; fileRef = 042E0EC62DBB3809008CFC7F /* AppText.swift */; };
		042E0ECA2DBCE474008CFC7F /* PageIndicator.swift in Sources */ = {isa = PBXBuildFile; fileRef = 042E0EC92DBCE474008CFC7F /* PageIndicator.swift */; };
		042E0ECC2DBD1206008CFC7F /* IntroducePage.swift in Sources */ = {isa = PBXBuildFile; fileRef = 042E0ECB2DBD1206008CFC7F /* IntroducePage.swift */; };
		044138932DBE61AC0050F863 /* SignIn.swift in Sources */ = {isa = PBXBuildFile; fileRef = 044138922DBE61AC0050F863 /* SignIn.swift */; };
		0443D0522DC1A9FB002139FE /* TextFieldFormInfo.swift in Sources */ = {isa = PBXBuildFile; fileRef = 0443D0512DC1A9FB002139FE /* TextFieldFormInfo.swift */; };
		0446CF822DC4CE7500F10255 /* TextFieldFormInfoViewModel.swift in Sources */ = {isa = PBXBuildFile; fileRef = 0446CF812DC4CE7500F10255 /* TextFieldFormInfoViewModel.swift */; };
		0447E1662DC760A900697677 /* ForgotPassword.swift in Sources */ = {isa = PBXBuildFile; fileRef = 0447E1652DC760A900697677 /* ForgotPassword.swift */; };
		0447E1682DC7623F00697677 /* PageNumberViewModel.swift in Sources */ = {isa = PBXBuildFile; fileRef = 0447E1672DC7623F00697677 /* PageNumberViewModel.swift */; };
		0447E16C2DC7678F00697677 /* SignInRouter.swift in Sources */ = {isa = PBXBuildFile; fileRef = 0447E16B2DC7678F00697677 /* SignInRouter.swift */; };
		0447E16E2DC78B0500697677 /* SignInViewModel.swift in Sources */ = {isa = PBXBuildFile; fileRef = 0447E16D2DC78B0500697677 /* SignInViewModel.swift */; };
		04502AE72DC5ABDA00A41735 /* SocialButton.swift in Sources */ = {isa = PBXBuildFile; fileRef = 04502AE62DC5ABDA00A41735 /* SocialButton.swift */; };
		04502AE92DC5AC2D00A41735 /* SocialType.swift in Sources */ = {isa = PBXBuildFile; fileRef = 04502AE82DC5AC2D00A41735 /* SocialType.swift */; };
		04502AED2DC5ADC600A41735 /* SocialButtonViewModel.swift in Sources */ = {isa = PBXBuildFile; fileRef = 04502AEC2DC5ADC600A41735 /* SocialButtonViewModel.swift */; };
		04502AEF2DC5B41800A41735 /* KeyboardResponder.swift in Sources */ = {isa = PBXBuildFile; fileRef = 04502AEE2DC5B41800A41735 /* KeyboardResponder.swift */; };
		04502AF12DC5BD8700A41735 /* View.swift in Sources */ = {isa = PBXBuildFile; fileRef = 04502AF02DC5BD8700A41735 /* View.swift */; };
		046EDAE42DBE6643005E5F42 /* NavigationBarView.swift in Sources */ = {isa = PBXBuildFile; fileRef = 046EDAE32DBE6643005E5F42 /* NavigationBarView.swift */; };
		04707C812DA922C300CD6066 /* Spacer.swift in Sources */ = {isa = PBXBuildFile; fileRef = 04707C802DA922C300CD6066 /* Spacer.swift */; };
		04707C842DAA167100CD6066 /* OrangeButton.swift in Sources */ = {isa = PBXBuildFile; fileRef = 04707C832DAA167100CD6066 /* OrangeButton.swift */; };
		0481284A2DC857B300342B70 /* ForgotPasswordViewModel.swift in Sources */ = {isa = PBXBuildFile; fileRef = 048128492DC857B300342B70 /* ForgotPasswordViewModel.swift */; };
		04D7918D2DC7A9EB0091BFEE /* TextWidth.swift in Sources */ = {isa = PBXBuildFile; fileRef = 04D7918C2DC7A9EB0091BFEE /* TextWidth.swift */; };
		04EE7AD92DA521DB00BA8EE1 /* TamangFoodSwiftUIApp.swift in Sources */ = {isa = PBXBuildFile; fileRef = 04EE7AD82DA521DB00BA8EE1 /* TamangFoodSwiftUIApp.swift */; };
		04EE7ADD2DA521DC00BA8EE1 /* Assets.xcassets in Resources */ = {isa = PBXBuildFile; fileRef = 04EE7ADC2DA521DC00BA8EE1 /* Assets.xcassets */; };
		04EE7AE02DA521DC00BA8EE1 /* Preview Assets.xcassets in Resources */ = {isa = PBXBuildFile; fileRef = 04EE7ADF2DA521DC00BA8EE1 /* Preview Assets.xcassets */; };
		04EE7AEA2DA521DD00BA8EE1 /* TamangFoodSwiftUITests.swift in Sources */ = {isa = PBXBuildFile; fileRef = 04EE7AE92DA521DD00BA8EE1 /* TamangFoodSwiftUITests.swift */; };
		04EE7AF42DA521DD00BA8EE1 /* TamangFoodSwiftUIUITests.swift in Sources */ = {isa = PBXBuildFile; fileRef = 04EE7AF32DA521DD00BA8EE1 /* TamangFoodSwiftUIUITests.swift */; };
		04EE7AF62DA521DD00BA8EE1 /* TamangFoodSwiftUIUITestsLaunchTests.swift in Sources */ = {isa = PBXBuildFile; fileRef = 04EE7AF52DA521DD00BA8EE1 /* TamangFoodSwiftUIUITestsLaunchTests.swift */; };
		04EE7B052DA5225200BA8EE1 /* Welcome.swift in Sources */ = {isa = PBXBuildFile; fileRef = 04EE7B042DA5225200BA8EE1 /* Welcome.swift */; };
		04EE7B082DA5242100BA8EE1 /* ScreenSize.swift in Sources */ = {isa = PBXBuildFile; fileRef = 04EE7B072DA5242100BA8EE1 /* ScreenSize.swift */; };
		04EE7B102DA7744E00BA8EE1 /* yu-gothic-regular.ttf in Resources */ = {isa = PBXBuildFile; fileRef = 04EE7B092DA7744E00BA8EE1 /* yu-gothic-regular.ttf */; };
		04EE7B112DA7744E00BA8EE1 /* YuGothB.ttc in Resources */ = {isa = PBXBuildFile; fileRef = 04EE7B0A2DA7744E00BA8EE1 /* YuGothB.ttc */; };
		04EE7B122DA7744E00BA8EE1 /* yugothib.ttf in Resources */ = {isa = PBXBuildFile; fileRef = 04EE7B0B2DA7744E00BA8EE1 /* yugothib.ttf */; };
		04EE7B132DA7744E00BA8EE1 /* yugothil.ttf in Resources */ = {isa = PBXBuildFile; fileRef = 04EE7B0C2DA7744E00BA8EE1 /* yugothil.ttf */; };
		04EE7B142DA7744E00BA8EE1 /* YuGothL.ttc in Resources */ = {isa = PBXBuildFile; fileRef = 04EE7B0D2DA7744E00BA8EE1 /* YuGothL.ttc */; };
		04EE7B152DA7744E00BA8EE1 /* YuGothM.ttc in Resources */ = {isa = PBXBuildFile; fileRef = 04EE7B0E2DA7744E00BA8EE1 /* YuGothM.ttc */; };
		04EE7B1E2DA7C1A500BA8EE1 /* Font.swift in Sources */ = {isa = PBXBuildFile; fileRef = 04EE7B1D2DA7C1A500BA8EE1 /* Font.swift */; };
		04EE7B202DA7CF4100BA8EE1 /* Color.swift in Sources */ = {isa = PBXBuildFile; fileRef = 04EE7B1F2DA7CF4000BA8EE1 /* Color.swift */; };
/* End PBXBuildFile section */

/* Begin PBXContainerItemProxy section */
		04EE7AE62DA521DD00BA8EE1 /* PBXContainerItemProxy */ = {
			isa = PBXContainerItemProxy;
			containerPortal = 04EE7ACD2DA521DB00BA8EE1 /* Project object */;
			proxyType = 1;
			remoteGlobalIDString = 04EE7AD42DA521DB00BA8EE1;
			remoteInfo = TamangFoodSwiftUI;
		};
		04EE7AF02DA521DD00BA8EE1 /* PBXContainerItemProxy */ = {
			isa = PBXContainerItemProxy;
			containerPortal = 04EE7ACD2DA521DB00BA8EE1 /* Project object */;
			proxyType = 1;
			remoteGlobalIDString = 04EE7AD42DA521DB00BA8EE1;
			remoteInfo = TamangFoodSwiftUI;
		};
/* End PBXContainerItemProxy section */

/* Begin PBXFileReference section */
		042E0EC42DBB2CBE008CFC7F /* PageNumber.swift */ = {isa = PBXFileReference; lastKnownFileType = sourcecode.swift; path = PageNumber.swift; sourceTree = "<group>"; };
		042E0EC62DBB3809008CFC7F /* AppText.swift */ = {isa = PBXFileReference; lastKnownFileType = sourcecode.swift; path = AppText.swift; sourceTree = "<group>"; };
		042E0EC92DBCE474008CFC7F /* PageIndicator.swift */ = {isa = PBXFileReference; lastKnownFileType = sourcecode.swift; path = PageIndicator.swift; sourceTree = "<group>"; };
		042E0ECB2DBD1206008CFC7F /* IntroducePage.swift */ = {isa = PBXFileReference; lastKnownFileType = sourcecode.swift; path = IntroducePage.swift; sourceTree = "<group>"; };
		044138922DBE61AC0050F863 /* SignIn.swift */ = {isa = PBXFileReference; lastKnownFileType = sourcecode.swift; path = SignIn.swift; sourceTree = "<group>"; };
		0443D0512DC1A9FB002139FE /* TextFieldFormInfo.swift */ = {isa = PBXFileReference; lastKnownFileType = sourcecode.swift; path = TextFieldFormInfo.swift; sourceTree = "<group>"; };
		0446CF812DC4CE7500F10255 /* TextFieldFormInfoViewModel.swift */ = {isa = PBXFileReference; lastKnownFileType = sourcecode.swift; path = TextFieldFormInfoViewModel.swift; sourceTree = "<group>"; };
		0447E1652DC760A900697677 /* ForgotPassword.swift */ = {isa = PBXFileReference; lastKnownFileType = sourcecode.swift; path = ForgotPassword.swift; sourceTree = "<group>"; };
		0447E1672DC7623F00697677 /* PageNumberViewModel.swift */ = {isa = PBXFileReference; lastKnownFileType = sourcecode.swift; path = PageNumberViewModel.swift; sourceTree = "<group>"; };
		0447E16B2DC7678F00697677 /* SignInRouter.swift */ = {isa = PBXFileReference; lastKnownFileType = sourcecode.swift; path = SignInRouter.swift; sourceTree = "<group>"; };
		0447E16D2DC78B0500697677 /* SignInViewModel.swift */ = {isa = PBXFileReference; lastKnownFileType = sourcecode.swift; path = SignInViewModel.swift; sourceTree = "<group>"; };
		04502AE62DC5ABDA00A41735 /* SocialButton.swift */ = {isa = PBXFileReference; lastKnownFileType = sourcecode.swift; path = SocialButton.swift; sourceTree = "<group>"; };
		04502AE82DC5AC2D00A41735 /* SocialType.swift */ = {isa = PBXFileReference; lastKnownFileType = sourcecode.swift; path = SocialType.swift; sourceTree = "<group>"; };
		04502AEC2DC5ADC600A41735 /* SocialButtonViewModel.swift */ = {isa = PBXFileReference; lastKnownFileType = sourcecode.swift; path = SocialButtonViewModel.swift; sourceTree = "<group>"; };
		04502AEE2DC5B41800A41735 /* KeyboardResponder.swift */ = {isa = PBXFileReference; lastKnownFileType = sourcecode.swift; path = KeyboardResponder.swift; sourceTree = "<group>"; };
		04502AF02DC5BD8700A41735 /* View.swift */ = {isa = PBXFileReference; lastKnownFileType = sourcecode.swift; path = View.swift; sourceTree = "<group>"; };
		046EDAE32DBE6643005E5F42 /* NavigationBarView.swift */ = {isa = PBXFileReference; lastKnownFileType = sourcecode.swift; path = NavigationBarView.swift; sourceTree = "<group>"; };
		04707C802DA922C300CD6066 /* Spacer.swift */ = {isa = PBXFileReference; lastKnownFileType = sourcecode.swift; path = Spacer.swift; sourceTree = "<group>"; };
		04707C832DAA167100CD6066 /* OrangeButton.swift */ = {isa = PBXFileReference; lastKnownFileType = sourcecode.swift; path = OrangeButton.swift; sourceTree = "<group>"; };
		048128492DC857B300342B70 /* ForgotPasswordViewModel.swift */ = {isa = PBXFileReference; lastKnownFileType = sourcecode.swift; path = ForgotPasswordViewModel.swift; sourceTree = "<group>"; };
		04D7918C2DC7A9EB0091BFEE /* TextWidth.swift */ = {isa = PBXFileReference; lastKnownFileType = sourcecode.swift; path = TextWidth.swift; sourceTree = "<group>"; };
		04EE7AD52DA521DB00BA8EE1 /* TamangFoodSwiftUI.app */ = {isa = PBXFileReference; explicitFileType = wrapper.application; includeInIndex = 0; path = TamangFoodSwiftUI.app; sourceTree = BUILT_PRODUCTS_DIR; };
		04EE7AD82DA521DB00BA8EE1 /* TamangFoodSwiftUIApp.swift */ = {isa = PBXFileReference; lastKnownFileType = sourcecode.swift; path = TamangFoodSwiftUIApp.swift; sourceTree = "<group>"; };
		04EE7ADC2DA521DC00BA8EE1 /* Assets.xcassets */ = {isa = PBXFileReference; lastKnownFileType = folder.assetcatalog; path = Assets.xcassets; sourceTree = "<group>"; };
		04EE7ADF2DA521DC00BA8EE1 /* Preview Assets.xcassets */ = {isa = PBXFileReference; lastKnownFileType = folder.assetcatalog; path = "Preview Assets.xcassets"; sourceTree = "<group>"; };
		04EE7AE52DA521DD00BA8EE1 /* TamangFoodSwiftUITests.xctest */ = {isa = PBXFileReference; explicitFileType = wrapper.cfbundle; includeInIndex = 0; path = TamangFoodSwiftUITests.xctest; sourceTree = BUILT_PRODUCTS_DIR; };
		04EE7AE92DA521DD00BA8EE1 /* TamangFoodSwiftUITests.swift */ = {isa = PBXFileReference; lastKnownFileType = sourcecode.swift; path = TamangFoodSwiftUITests.swift; sourceTree = "<group>"; };
		04EE7AEF2DA521DD00BA8EE1 /* TamangFoodSwiftUIUITests.xctest */ = {isa = PBXFileReference; explicitFileType = wrapper.cfbundle; includeInIndex = 0; path = TamangFoodSwiftUIUITests.xctest; sourceTree = BUILT_PRODUCTS_DIR; };
		04EE7AF32DA521DD00BA8EE1 /* TamangFoodSwiftUIUITests.swift */ = {isa = PBXFileReference; lastKnownFileType = sourcecode.swift; path = TamangFoodSwiftUIUITests.swift; sourceTree = "<group>"; };
		04EE7AF52DA521DD00BA8EE1 /* TamangFoodSwiftUIUITestsLaunchTests.swift */ = {isa = PBXFileReference; lastKnownFileType = sourcecode.swift; path = TamangFoodSwiftUIUITestsLaunchTests.swift; sourceTree = "<group>"; };
		04EE7B042DA5225200BA8EE1 /* Welcome.swift */ = {isa = PBXFileReference; lastKnownFileType = sourcecode.swift; path = Welcome.swift; sourceTree = "<group>"; };
		04EE7B072DA5242100BA8EE1 /* ScreenSize.swift */ = {isa = PBXFileReference; lastKnownFileType = sourcecode.swift; path = ScreenSize.swift; sourceTree = "<group>"; };
		04EE7B092DA7744E00BA8EE1 /* yu-gothic-regular.ttf */ = {isa = PBXFileReference; lastKnownFileType = file; path = "yu-gothic-regular.ttf"; sourceTree = "<group>"; };
		04EE7B0A2DA7744E00BA8EE1 /* YuGothB.ttc */ = {isa = PBXFileReference; lastKnownFileType = file; path = YuGothB.ttc; sourceTree = "<group>"; };
		04EE7B0B2DA7744E00BA8EE1 /* yugothib.ttf */ = {isa = PBXFileReference; lastKnownFileType = file; path = yugothib.ttf; sourceTree = "<group>"; };
		04EE7B0C2DA7744E00BA8EE1 /* yugothil.ttf */ = {isa = PBXFileReference; lastKnownFileType = file; path = yugothil.ttf; sourceTree = "<group>"; };
		04EE7B0D2DA7744E00BA8EE1 /* YuGothL.ttc */ = {isa = PBXFileReference; lastKnownFileType = file; path = YuGothL.ttc; sourceTree = "<group>"; };
		04EE7B0E2DA7744E00BA8EE1 /* YuGothM.ttc */ = {isa = PBXFileReference; lastKnownFileType = file; path = YuGothM.ttc; sourceTree = "<group>"; };
		04EE7B1B2DA7C10100BA8EE1 /* Info.plist */ = {isa = PBXFileReference; lastKnownFileType = text.plist; path = Info.plist; sourceTree = "<group>"; };
		04EE7B1D2DA7C1A500BA8EE1 /* Font.swift */ = {isa = PBXFileReference; lastKnownFileType = sourcecode.swift; path = Font.swift; sourceTree = "<group>"; };
		04EE7B1F2DA7CF4000BA8EE1 /* Color.swift */ = {isa = PBXFileReference; lastKnownFileType = sourcecode.swift; path = Color.swift; sourceTree = "<group>"; };
/* End PBXFileReference section */

/* Begin PBXFrameworksBuildPhase section */
		04EE7AD22DA521DB00BA8EE1 /* Frameworks */ = {
			isa = PBXFrameworksBuildPhase;
			buildActionMask = 2147483647;
			files = (
			);
			runOnlyForDeploymentPostprocessing = 0;
		};
		04EE7AE22DA521DD00BA8EE1 /* Frameworks */ = {
			isa = PBXFrameworksBuildPhase;
			buildActionMask = 2147483647;
			files = (
			);
			runOnlyForDeploymentPostprocessing = 0;
		};
		04EE7AEC2DA521DD00BA8EE1 /* Frameworks */ = {
			isa = PBXFrameworksBuildPhase;
			buildActionMask = 2147483647;
			files = (
			);
			runOnlyForDeploymentPostprocessing = 0;
		};
/* End PBXFrameworksBuildPhase section */

/* Begin PBXGroup section */
		042E0EC22DBB2CA0008CFC7F /* Introduce */ = {
			isa = PBXGroup;
			children = (
				042E0EC82DBB4366008CFC7F /* PageView */,
				042E0EC32DBB2CA6008CFC7F /* PageNumber */,
				042E0ECB2DBD1206008CFC7F /* IntroducePage.swift */,
			);
			path = Introduce;
			sourceTree = "<group>";
		};
		042E0EC32DBB2CA6008CFC7F /* PageNumber */ = {
			isa = PBXGroup;
			children = (
				042E0EC42DBB2CBE008CFC7F /* PageNumber.swift */,
				0447E1672DC7623F00697677 /* PageNumberViewModel.swift */,
			);
			path = PageNumber;
			sourceTree = "<group>";
		};
		042E0EC82DBB4366008CFC7F /* PageView */ = {
			isa = PBXGroup;
			children = (
				042E0EC92DBCE474008CFC7F /* PageIndicator.swift */,
			);
			path = PageView;
			sourceTree = "<group>";
		};
		044138912DBE619C0050F863 /* SignIn */ = {
			isa = PBXGroup;
			children = (
				044138922DBE61AC0050F863 /* SignIn.swift */,
				0447E16D2DC78B0500697677 /* SignInViewModel.swift */,
			);
			path = SignIn;
			sourceTree = "<group>";
		};
		0443D0502DC1A9D3002139FE /* TextFieldFormEnterInfo */ = {
			isa = PBXGroup;
			children = (
				0443D0512DC1A9FB002139FE /* TextFieldFormInfo.swift */,
				0446CF812DC4CE7500F10255 /* TextFieldFormInfoViewModel.swift */,
			);
			path = TextFieldFormEnterInfo;
			sourceTree = "<group>";
		};
		0447E1642DC7605E00697677 /* ForgotPassword */ = {
			isa = PBXGroup;
			children = (
				0447E1652DC760A900697677 /* ForgotPassword.swift */,
				048128492DC857B300342B70 /* ForgotPasswordViewModel.swift */,
			);
			path = ForgotPassword;
			sourceTree = "<group>";
		};
		04502AE52DC5AA1200A41735 /* SocialButton */ = {
			isa = PBXGroup;
			children = (
				04502AE62DC5ABDA00A41735 /* SocialButton.swift */,
				04502AEC2DC5ADC600A41735 /* SocialButtonViewModel.swift */,
			);
			path = SocialButton;
			sourceTree = "<group>";
		};
		046EDAE22DBE6625005E5F42 /* NavigationBar */ = {
			isa = PBXGroup;
			children = (
				046EDAE32DBE6643005E5F42 /* NavigationBarView.swift */,
			);
			path = NavigationBar;
			sourceTree = "<group>";
		};
		04707C7F2DA922AC00CD6066 /* Custom */ = {
			isa = PBXGroup;
			children = (
				04502AE52DC5AA1200A41735 /* SocialButton */,
				0443D0502DC1A9D3002139FE /* TextFieldFormEnterInfo */,
				046EDAE22DBE6625005E5F42 /* NavigationBar */,
				04707C822DAA165A00CD6066 /* OrangeButton */,
				04707C802DA922C300CD6066 /* Spacer.swift */,
			);
			path = Custom;
			sourceTree = "<group>";
		};
		04707C822DAA165A00CD6066 /* OrangeButton */ = {
			isa = PBXGroup;
			children = (
				04707C832DAA167100CD6066 /* OrangeButton.swift */,
			);
			path = OrangeButton;
			sourceTree = "<group>";
		};
		04EE7ACC2DA521DB00BA8EE1 = {
			isa = PBXGroup;
			children = (
				04EE7AD72DA521DB00BA8EE1 /* TamangFoodSwiftUI */,
				04EE7AE82DA521DD00BA8EE1 /* TamangFoodSwiftUITests */,
				04EE7AF22DA521DD00BA8EE1 /* TamangFoodSwiftUIUITests */,
				04EE7AD62DA521DB00BA8EE1 /* Products */,
			);
			sourceTree = "<group>";
		};
		04EE7AD62DA521DB00BA8EE1 /* Products */ = {
			isa = PBXGroup;
			children = (
				04EE7AD52DA521DB00BA8EE1 /* TamangFoodSwiftUI.app */,
				04EE7AE52DA521DD00BA8EE1 /* TamangFoodSwiftUITests.xctest */,
				04EE7AEF2DA521DD00BA8EE1 /* TamangFoodSwiftUIUITests.xctest */,
			);
			name = Products;
			sourceTree = "<group>";
		};
		04EE7AD72DA521DB00BA8EE1 /* TamangFoodSwiftUI */ = {
			isa = PBXGroup;
			children = (
				04707C7F2DA922AC00CD6066 /* Custom */,
				04EE7B1C2DA7C18B00BA8EE1 /* Extension */,
				04EE7B1B2DA7C10100BA8EE1 /* Info.plist */,
				04EE7B0F2DA7744E00BA8EE1 /* Font */,
				04EE7B062DA5240D00BA8EE1 /* Defines */,
				04EE7B022DA5221900BA8EE1 /* Views */,
				04EE7AD82DA521DB00BA8EE1 /* TamangFoodSwiftUIApp.swift */,
				04EE7ADC2DA521DC00BA8EE1 /* Assets.xcassets */,
				04EE7ADE2DA521DC00BA8EE1 /* Preview Content */,
			);
			path = TamangFoodSwiftUI;
			sourceTree = "<group>";
		};
		04EE7ADE2DA521DC00BA8EE1 /* Preview Content */ = {
			isa = PBXGroup;
			children = (
				04EE7ADF2DA521DC00BA8EE1 /* Preview Assets.xcassets */,
			);
			path = "Preview Content";
			sourceTree = "<group>";
		};
		04EE7AE82DA521DD00BA8EE1 /* TamangFoodSwiftUITests */ = {
			isa = PBXGroup;
			children = (
				04EE7AE92DA521DD00BA8EE1 /* TamangFoodSwiftUITests.swift */,
			);
			path = TamangFoodSwiftUITests;
			sourceTree = "<group>";
		};
		04EE7AF22DA521DD00BA8EE1 /* TamangFoodSwiftUIUITests */ = {
			isa = PBXGroup;
			children = (
				04EE7AF32DA521DD00BA8EE1 /* TamangFoodSwiftUIUITests.swift */,
				04EE7AF52DA521DD00BA8EE1 /* TamangFoodSwiftUIUITestsLaunchTests.swift */,
			);
			path = TamangFoodSwiftUIUITests;
			sourceTree = "<group>";
		};
		04EE7B022DA5221900BA8EE1 /* Views */ = {
			isa = PBXGroup;
			children = (
				0447E1642DC7605E00697677 /* ForgotPassword */,
				044138912DBE619C0050F863 /* SignIn */,
				042E0EC22DBB2CA0008CFC7F /* Introduce */,
				04EE7B032DA5223100BA8EE1 /* WelcomeView */,
			);
			path = Views;
			sourceTree = "<group>";
		};
		04EE7B032DA5223100BA8EE1 /* WelcomeView */ = {
			isa = PBXGroup;
			children = (
				04EE7B042DA5225200BA8EE1 /* Welcome.swift */,
			);
			path = WelcomeView;
			sourceTree = "<group>";
		};
		04EE7B062DA5240D00BA8EE1 /* Defines */ = {
			isa = PBXGroup;
			children = (
				04EE7B072DA5242100BA8EE1 /* ScreenSize.swift */,
				042E0EC62DBB3809008CFC7F /* AppText.swift */,
				04502AE82DC5AC2D00A41735 /* SocialType.swift */,
				04502AEE2DC5B41800A41735 /* KeyboardResponder.swift */,
				0447E16B2DC7678F00697677 /* SignInRouter.swift */,
				04D7918C2DC7A9EB0091BFEE /* TextWidth.swift */,
			);
			path = Defines;
			sourceTree = "<group>";
		};
		04EE7B0F2DA7744E00BA8EE1 /* Font */ = {
			isa = PBXGroup;
			children = (
				04EE7B092DA7744E00BA8EE1 /* yu-gothic-regular.ttf */,
				04EE7B0A2DA7744E00BA8EE1 /* YuGothB.ttc */,
				04EE7B0B2DA7744E00BA8EE1 /* yugothib.ttf */,
				04EE7B0C2DA7744E00BA8EE1 /* yugothil.ttf */,
				04EE7B0D2DA7744E00BA8EE1 /* YuGothL.ttc */,
				04EE7B0E2DA7744E00BA8EE1 /* YuGothM.ttc */,
			);
			path = Font;
			sourceTree = "<group>";
		};
		04EE7B1C2DA7C18B00BA8EE1 /* Extension */ = {
			isa = PBXGroup;
			children = (
				04EE7B1D2DA7C1A500BA8EE1 /* Font.swift */,
				04EE7B1F2DA7CF4000BA8EE1 /* Color.swift */,
				04502AF02DC5BD8700A41735 /* View.swift */,
			);
			path = Extension;
			sourceTree = "<group>";
		};
/* End PBXGroup section */

/* Begin PBXNativeTarget section */
		04EE7AD42DA521DB00BA8EE1 /* TamangFoodSwiftUI */ = {
			isa = PBXNativeTarget;
			buildConfigurationList = 04EE7AF92DA521DD00BA8EE1 /* Build configuration list for PBXNativeTarget "TamangFoodSwiftUI" */;
			buildPhases = (
				04EE7AD12DA521DB00BA8EE1 /* Sources */,
				04EE7AD22DA521DB00BA8EE1 /* Frameworks */,
				04EE7AD32DA521DB00BA8EE1 /* Resources */,
			);
			buildRules = (
			);
			dependencies = (
			);
			name = TamangFoodSwiftUI;
			productName = TamangFoodSwiftUI;
			productReference = 04EE7AD52DA521DB00BA8EE1 /* TamangFoodSwiftUI.app */;
			productType = "com.apple.product-type.application";
		};
		04EE7AE42DA521DD00BA8EE1 /* TamangFoodSwiftUITests */ = {
			isa = PBXNativeTarget;
			buildConfigurationList = 04EE7AFC2DA521DD00BA8EE1 /* Build configuration list for PBXNativeTarget "TamangFoodSwiftUITests" */;
			buildPhases = (
				04EE7AE12DA521DD00BA8EE1 /* Sources */,
				04EE7AE22DA521DD00BA8EE1 /* Frameworks */,
				04EE7AE32DA521DD00BA8EE1 /* Resources */,
			);
			buildRules = (
			);
			dependencies = (
				04EE7AE72DA521DD00BA8EE1 /* PBXTargetDependency */,
			);
			name = TamangFoodSwiftUITests;
			productName = TamangFoodSwiftUITests;
			productReference = 04EE7AE52DA521DD00BA8EE1 /* TamangFoodSwiftUITests.xctest */;
			productType = "com.apple.product-type.bundle.unit-test";
		};
		04EE7AEE2DA521DD00BA8EE1 /* TamangFoodSwiftUIUITests */ = {
			isa = PBXNativeTarget;
			buildConfigurationList = 04EE7AFF2DA521DD00BA8EE1 /* Build configuration list for PBXNativeTarget "TamangFoodSwiftUIUITests" */;
			buildPhases = (
				04EE7AEB2DA521DD00BA8EE1 /* Sources */,
				04EE7AEC2DA521DD00BA8EE1 /* Frameworks */,
				04EE7AED2DA521DD00BA8EE1 /* Resources */,
			);
			buildRules = (
			);
			dependencies = (
				04EE7AF12DA521DD00BA8EE1 /* PBXTargetDependency */,
			);
			name = TamangFoodSwiftUIUITests;
			productName = TamangFoodSwiftUIUITests;
			productReference = 04EE7AEF2DA521DD00BA8EE1 /* TamangFoodSwiftUIUITests.xctest */;
			productType = "com.apple.product-type.bundle.ui-testing";
		};
/* End PBXNativeTarget section */

/* Begin PBXProject section */
		04EE7ACD2DA521DB00BA8EE1 /* Project object */ = {
			isa = PBXProject;
			attributes = {
				BuildIndependentTargetsInParallel = 1;
				LastSwiftUpdateCheck = 1530;
				LastUpgradeCheck = 1530;
				TargetAttributes = {
					04EE7AD42DA521DB00BA8EE1 = {
						CreatedOnToolsVersion = 15.3;
					};
					04EE7AE42DA521DD00BA8EE1 = {
						CreatedOnToolsVersion = 15.3;
						TestTargetID = 04EE7AD42DA521DB00BA8EE1;
					};
					04EE7AEE2DA521DD00BA8EE1 = {
						CreatedOnToolsVersion = 15.3;
						TestTargetID = 04EE7AD42DA521DB00BA8EE1;
					};
				};
			};
			buildConfigurationList = 04EE7AD02DA521DB00BA8EE1 /* Build configuration list for PBXProject "TamangFoodSwiftUI" */;
			compatibilityVersion = "Xcode 14.0";
			developmentRegion = en;
			hasScannedForEncodings = 0;
			knownRegions = (
				en,
				Base,
			);
			mainGroup = 04EE7ACC2DA521DB00BA8EE1;
			productRefGroup = 04EE7AD62DA521DB00BA8EE1 /* Products */;
			projectDirPath = "";
			projectRoot = "";
			targets = (
				04EE7AD42DA521DB00BA8EE1 /* TamangFoodSwiftUI */,
				04EE7AE42DA521DD00BA8EE1 /* TamangFoodSwiftUITests */,
				04EE7AEE2DA521DD00BA8EE1 /* TamangFoodSwiftUIUITests */,
			);
		};
/* End PBXProject section */

/* Begin PBXResourcesBuildPhase section */
		04EE7AD32DA521DB00BA8EE1 /* Resources */ = {
			isa = PBXResourcesBuildPhase;
			buildActionMask = 2147483647;
			files = (
				04EE7B142DA7744E00BA8EE1 /* YuGothL.ttc in Resources */,
				04EE7B152DA7744E00BA8EE1 /* YuGothM.ttc in Resources */,
				04EE7B102DA7744E00BA8EE1 /* yu-gothic-regular.ttf in Resources */,
				04EE7AE02DA521DC00BA8EE1 /* Preview Assets.xcassets in Resources */,
				04EE7B122DA7744E00BA8EE1 /* yugothib.ttf in Resources */,
				04EE7B112DA7744E00BA8EE1 /* YuGothB.ttc in Resources */,
				04EE7ADD2DA521DC00BA8EE1 /* Assets.xcassets in Resources */,
				04EE7B132DA7744E00BA8EE1 /* yugothil.ttf in Resources */,
			);
			runOnlyForDeploymentPostprocessing = 0;
		};
		04EE7AE32DA521DD00BA8EE1 /* Resources */ = {
			isa = PBXResourcesBuildPhase;
			buildActionMask = 2147483647;
			files = (
			);
			runOnlyForDeploymentPostprocessing = 0;
		};
		04EE7AED2DA521DD00BA8EE1 /* Resources */ = {
			isa = PBXResourcesBuildPhase;
			buildActionMask = 2147483647;
			files = (
			);
			runOnlyForDeploymentPostprocessing = 0;
		};
/* End PBXResourcesBuildPhase section */

/* Begin PBXSourcesBuildPhase section */
		04EE7AD12DA521DB00BA8EE1 /* Sources */ = {
			isa = PBXSourcesBuildPhase;
			buildActionMask = 2147483647;
			files = (
				042E0ECC2DBD1206008CFC7F /* IntroducePage.swift in Sources */,
				04502AEF2DC5B41800A41735 /* KeyboardResponder.swift in Sources */,
				04D7918D2DC7A9EB0091BFEE /* TextWidth.swift in Sources */,
				0443D0522DC1A9FB002139FE /* TextFieldFormInfo.swift in Sources */,
				04707C842DAA167100CD6066 /* OrangeButton.swift in Sources */,
				04502AED2DC5ADC600A41735 /* SocialButtonViewModel.swift in Sources */,
				0481284A2DC857B300342B70 /* ForgotPasswordViewModel.swift in Sources */,
				04EE7B1E2DA7C1A500BA8EE1 /* Font.swift in Sources */,
				04502AE72DC5ABDA00A41735 /* SocialButton.swift in Sources */,
				04502AE92DC5AC2D00A41735 /* SocialType.swift in Sources */,
				0446CF822DC4CE7500F10255 /* TextFieldFormInfoViewModel.swift in Sources */,
				04707C812DA922C300CD6066 /* Spacer.swift in Sources */,
				04EE7B052DA5225200BA8EE1 /* Welcome.swift in Sources */,
				0447E1662DC760A900697677 /* ForgotPassword.swift in Sources */,
				04EE7B082DA5242100BA8EE1 /* ScreenSize.swift in Sources */,
				0447E16C2DC7678F00697677 /* SignInRouter.swift in Sources */,
				04502AF12DC5BD8700A41735 /* View.swift in Sources */,
				046EDAE42DBE6643005E5F42 /* NavigationBarView.swift in Sources */,
				042E0ECA2DBCE474008CFC7F /* PageIndicator.swift in Sources */,
				044138932DBE61AC0050F863 /* SignIn.swift in Sources */,
				04EE7B202DA7CF4100BA8EE1 /* Color.swift in Sources */,
				0447E1682DC7623F00697677 /* PageNumberViewModel.swift in Sources */,
				0447E16E2DC78B0500697677 /* SignInViewModel.swift in Sources */,
				04EE7AD92DA521DB00BA8EE1 /* TamangFoodSwiftUIApp.swift in Sources */,
				042E0EC52DBB2CBE008CFC7F /* PageNumber.swift in Sources */,
				042E0EC72DBB3809008CFC7F /* AppText.swift in Sources */,
			);
			runOnlyForDeploymentPostprocessing = 0;
		};
		04EE7AE12DA521DD00BA8EE1 /* Sources */ = {
			isa = PBXSourcesBuildPhase;
			buildActionMask = 2147483647;
			files = (
				04EE7AEA2DA521DD00BA8EE1 /* TamangFoodSwiftUITests.swift in Sources */,
			);
			runOnlyForDeploymentPostprocessing = 0;
		};
		04EE7AEB2DA521DD00BA8EE1 /* Sources */ = {
			isa = PBXSourcesBuildPhase;
			buildActionMask = 2147483647;
			files = (
				04EE7AF62DA521DD00BA8EE1 /* TamangFoodSwiftUIUITestsLaunchTests.swift in Sources */,
				04EE7AF42DA521DD00BA8EE1 /* TamangFoodSwiftUIUITests.swift in Sources */,
			);
			runOnlyForDeploymentPostprocessing = 0;
		};
/* End PBXSourcesBuildPhase section */

/* Begin PBXTargetDependency section */
		04EE7AE72DA521DD00BA8EE1 /* PBXTargetDependency */ = {
			isa = PBXTargetDependency;
			target = 04EE7AD42DA521DB00BA8EE1 /* TamangFoodSwiftUI */;
			targetProxy = 04EE7AE62DA521DD00BA8EE1 /* PBXContainerItemProxy */;
		};
		04EE7AF12DA521DD00BA8EE1 /* PBXTargetDependency */ = {
			isa = PBXTargetDependency;
			target = 04EE7AD42DA521DB00BA8EE1 /* TamangFoodSwiftUI */;
			targetProxy = 04EE7AF02DA521DD00BA8EE1 /* PBXContainerItemProxy */;
		};
/* End PBXTargetDependency section */

/* Begin XCBuildConfiguration section */
		04EE7AF72DA521DD00BA8EE1 /* Debug */ = {
			isa = XCBuildConfiguration;
			buildSettings = {
				ALWAYS_SEARCH_USER_PATHS = NO;
				ASSETCATALOG_COMPILER_GENERATE_SWIFT_ASSET_SYMBOL_EXTENSIONS = YES;
				CLANG_ANALYZER_NONNULL = YES;
				CLANG_ANALYZER_NUMBER_OBJECT_CONVERSION = YES_AGGRESSIVE;
				CLANG_CXX_LANGUAGE_STANDARD = "gnu++20";
				CLANG_ENABLE_MODULES = YES;
				CLANG_ENABLE_OBJC_ARC = YES;
				CLANG_ENABLE_OBJC_WEAK = YES;
				CLANG_WARN_BLOCK_CAPTURE_AUTORELEASING = YES;
				CLANG_WARN_BOOL_CONVERSION = YES;
				CLANG_WARN_COMMA = YES;
				CLANG_WARN_CONSTANT_CONVERSION = YES;
				CLANG_WARN_DEPRECATED_OBJC_IMPLEMENTATIONS = YES;
				CLANG_WARN_DIRECT_OBJC_ISA_USAGE = YES_ERROR;
				CLANG_WARN_DOCUMENTATION_COMMENTS = YES;
				CLANG_WARN_EMPTY_BODY = YES;
				CLANG_WARN_ENUM_CONVERSION = YES;
				CLANG_WARN_INFINITE_RECURSION = YES;
				CLANG_WARN_INT_CONVERSION = YES;
				CLANG_WARN_NON_LITERAL_NULL_CONVERSION = YES;
				CLANG_WARN_OBJC_IMPLICIT_RETAIN_SELF = YES;
				CLANG_WARN_OBJC_LITERAL_CONVERSION = YES;
				CLANG_WARN_OBJC_ROOT_CLASS = YES_ERROR;
				CLANG_WARN_QUOTED_INCLUDE_IN_FRAMEWORK_HEADER = YES;
				CLANG_WARN_RANGE_LOOP_ANALYSIS = YES;
				CLANG_WARN_STRICT_PROTOTYPES = YES;
				CLANG_WARN_SUSPICIOUS_MOVE = YES;
				CLANG_WARN_UNGUARDED_AVAILABILITY = YES_AGGRESSIVE;
				CLANG_WARN_UNREACHABLE_CODE = YES;
				CLANG_WARN__DUPLICATE_METHOD_MATCH = YES;
				COPY_PHASE_STRIP = NO;
				DEBUG_INFORMATION_FORMAT = dwarf;
				ENABLE_STRICT_OBJC_MSGSEND = YES;
				ENABLE_TESTABILITY = YES;
				ENABLE_USER_SCRIPT_SANDBOXING = YES;
				GCC_C_LANGUAGE_STANDARD = gnu17;
				GCC_DYNAMIC_NO_PIC = NO;
				GCC_NO_COMMON_BLOCKS = YES;
				GCC_OPTIMIZATION_LEVEL = 0;
				GCC_PREPROCESSOR_DEFINITIONS = (
					"DEBUG=1",
					"$(inherited)",
				);
				GCC_WARN_64_TO_32_BIT_CONVERSION = YES;
				GCC_WARN_ABOUT_RETURN_TYPE = YES_ERROR;
				GCC_WARN_UNDECLARED_SELECTOR = YES;
				GCC_WARN_UNINITIALIZED_AUTOS = YES_AGGRESSIVE;
				GCC_WARN_UNUSED_FUNCTION = YES;
				GCC_WARN_UNUSED_VARIABLE = YES;
				IPHONEOS_DEPLOYMENT_TARGET = 17.4;
				LOCALIZATION_PREFERS_STRING_CATALOGS = YES;
				MTL_ENABLE_DEBUG_INFO = INCLUDE_SOURCE;
				MTL_FAST_MATH = YES;
				ONLY_ACTIVE_ARCH = YES;
				SDKROOT = iphoneos;
				SWIFT_ACTIVE_COMPILATION_CONDITIONS = "DEBUG $(inherited)";
				SWIFT_OPTIMIZATION_LEVEL = "-Onone";
			};
			name = Debug;
		};
		04EE7AF82DA521DD00BA8EE1 /* Release */ = {
			isa = XCBuildConfiguration;
			buildSettings = {
				ALWAYS_SEARCH_USER_PATHS = NO;
				ASSETCATALOG_COMPILER_GENERATE_SWIFT_ASSET_SYMBOL_EXTENSIONS = YES;
				CLANG_ANALYZER_NONNULL = YES;
				CLANG_ANALYZER_NUMBER_OBJECT_CONVERSION = YES_AGGRESSIVE;
				CLANG_CXX_LANGUAGE_STANDARD = "gnu++20";
				CLANG_ENABLE_MODULES = YES;
				CLANG_ENABLE_OBJC_ARC = YES;
				CLANG_ENABLE_OBJC_WEAK = YES;
				CLANG_WARN_BLOCK_CAPTURE_AUTORELEASING = YES;
				CLANG_WARN_BOOL_CONVERSION = YES;
				CLANG_WARN_COMMA = YES;
				CLANG_WARN_CONSTANT_CONVERSION = YES;
				CLANG_WARN_DEPRECATED_OBJC_IMPLEMENTATIONS = YES;
				CLANG_WARN_DIRECT_OBJC_ISA_USAGE = YES_ERROR;
				CLANG_WARN_DOCUMENTATION_COMMENTS = YES;
				CLANG_WARN_EMPTY_BODY = YES;
				CLANG_WARN_ENUM_CONVERSION = YES;
				CLANG_WARN_INFINITE_RECURSION = YES;
				CLANG_WARN_INT_CONVERSION = YES;
				CLANG_WARN_NON_LITERAL_NULL_CONVERSION = YES;
				CLANG_WARN_OBJC_IMPLICIT_RETAIN_SELF = YES;
				CLANG_WARN_OBJC_LITERAL_CONVERSION = YES;
				CLANG_WARN_OBJC_ROOT_CLASS = YES_ERROR;
				CLANG_WARN_QUOTED_INCLUDE_IN_FRAMEWORK_HEADER = YES;
				CLANG_WARN_RANGE_LOOP_ANALYSIS = YES;
				CLANG_WARN_STRICT_PROTOTYPES = YES;
				CLANG_WARN_SUSPICIOUS_MOVE = YES;
				CLANG_WARN_UNGUARDED_AVAILABILITY = YES_AGGRESSIVE;
				CLANG_WARN_UNREACHABLE_CODE = YES;
				CLANG_WARN__DUPLICATE_METHOD_MATCH = YES;
				COPY_PHASE_STRIP = NO;
				DEBUG_INFORMATION_FORMAT = "dwarf-with-dsym";
				ENABLE_NS_ASSERTIONS = NO;
				ENABLE_STRICT_OBJC_MSGSEND = YES;
				ENABLE_USER_SCRIPT_SANDBOXING = YES;
				GCC_C_LANGUAGE_STANDARD = gnu17;
				GCC_NO_COMMON_BLOCKS = YES;
				GCC_WARN_64_TO_32_BIT_CONVERSION = YES;
				GCC_WARN_ABOUT_RETURN_TYPE = YES_ERROR;
				GCC_WARN_UNDECLARED_SELECTOR = YES;
				GCC_WARN_UNINITIALIZED_AUTOS = YES_AGGRESSIVE;
				GCC_WARN_UNUSED_FUNCTION = YES;
				GCC_WARN_UNUSED_VARIABLE = YES;
				IPHONEOS_DEPLOYMENT_TARGET = 17.4;
				LOCALIZATION_PREFERS_STRING_CATALOGS = YES;
				MTL_ENABLE_DEBUG_INFO = NO;
				MTL_FAST_MATH = YES;
				SDKROOT = iphoneos;
				SWIFT_COMPILATION_MODE = wholemodule;
				VALIDATE_PRODUCT = YES;
			};
			name = Release;
		};
		04EE7AFA2DA521DD00BA8EE1 /* Debug */ = {
			isa = XCBuildConfiguration;
			buildSettings = {
				ASSETCATALOG_COMPILER_APPICON_NAME = AppIcon;
				ASSETCATALOG_COMPILER_GLOBAL_ACCENT_COLOR_NAME = AccentColor;
				CODE_SIGN_STYLE = Automatic;
				CURRENT_PROJECT_VERSION = 1;
				DEVELOPMENT_ASSET_PATHS = "\"TamangFoodSwiftUI/Preview Content\"";
				DEVELOPMENT_TEAM = VN26ACW8NV;
				ENABLE_PREVIEWS = YES;
				GENERATE_INFOPLIST_FILE = YES;
				INFOPLIST_FILE = TamangFoodSwiftUI/Info.plist;
				INFOPLIST_KEY_UIApplicationSceneManifest_Generation = YES;
				INFOPLIST_KEY_UIApplicationSupportsIndirectInputEvents = YES;
				INFOPLIST_KEY_UILaunchScreen_Generation = YES;
				INFOPLIST_KEY_UISupportedInterfaceOrientations_iPad = "UIInterfaceOrientationPortrait UIInterfaceOrientationPortraitUpsideDown UIInterfaceOrientationLandscapeLeft UIInterfaceOrientationLandscapeRight";
				INFOPLIST_KEY_UISupportedInterfaceOrientations_iPhone = "UIInterfaceOrientationPortrait UIInterfaceOrientationLandscapeLeft UIInterfaceOrientationLandscapeRight";
				LD_RUNPATH_SEARCH_PATHS = (
					"$(inherited)",
					"@executable_path/Frameworks",
				);
				MARKETING_VERSION = 1.0;
				PRODUCT_BUNDLE_IDENTIFIER = Lamle96.TamangFoodSwiftUI;
				PRODUCT_NAME = "$(TARGET_NAME)";
				SWIFT_EMIT_LOC_STRINGS = YES;
				SWIFT_VERSION = 5.0;
				TARGETED_DEVICE_FAMILY = "1,2";
			};
			name = Debug;
		};
		04EE7AFB2DA521DD00BA8EE1 /* Release */ = {
			isa = XCBuildConfiguration;
			buildSettings = {
				ASSETCATALOG_COMPILER_APPICON_NAME = AppIcon;
				ASSETCATALOG_COMPILER_GLOBAL_ACCENT_COLOR_NAME = AccentColor;
				CODE_SIGN_STYLE = Automatic;
				CURRENT_PROJECT_VERSION = 1;
				DEVELOPMENT_ASSET_PATHS = "\"TamangFoodSwiftUI/Preview Content\"";
				DEVELOPMENT_TEAM = VN26ACW8NV;
				ENABLE_PREVIEWS = YES;
				GENERATE_INFOPLIST_FILE = YES;
				INFOPLIST_FILE = TamangFoodSwiftUI/Info.plist;
				INFOPLIST_KEY_UIApplicationSceneManifest_Generation = YES;
				INFOPLIST_KEY_UIApplicationSupportsIndirectInputEvents = YES;
				INFOPLIST_KEY_UILaunchScreen_Generation = YES;
				INFOPLIST_KEY_UISupportedInterfaceOrientations_iPad = "UIInterfaceOrientationPortrait UIInterfaceOrientationPortraitUpsideDown UIInterfaceOrientationLandscapeLeft UIInterfaceOrientationLandscapeRight";
				INFOPLIST_KEY_UISupportedInterfaceOrientations_iPhone = "UIInterfaceOrientationPortrait UIInterfaceOrientationLandscapeLeft UIInterfaceOrientationLandscapeRight";
				LD_RUNPATH_SEARCH_PATHS = (
					"$(inherited)",
					"@executable_path/Frameworks",
				);
				MARKETING_VERSION = 1.0;
				PRODUCT_BUNDLE_IDENTIFIER = Lamle96.TamangFoodSwiftUI;
				PRODUCT_NAME = "$(TARGET_NAME)";
				SWIFT_EMIT_LOC_STRINGS = YES;
				SWIFT_VERSION = 5.0;
				TARGETED_DEVICE_FAMILY = "1,2";
			};
			name = Release;
		};
		04EE7AFD2DA521DD00BA8EE1 /* Debug */ = {
			isa = XCBuildConfiguration;
			buildSettings = {
				ALWAYS_EMBED_SWIFT_STANDARD_LIBRARIES = YES;
				BUNDLE_LOADER = "$(TEST_HOST)";
				CODE_SIGN_STYLE = Automatic;
				CURRENT_PROJECT_VERSION = 1;
				DEVELOPMENT_TEAM = VN26ACW8NV;
				GENERATE_INFOPLIST_FILE = YES;
				IPHONEOS_DEPLOYMENT_TARGET = 17.4;
				MARKETING_VERSION = 1.0;
				PRODUCT_BUNDLE_IDENTIFIER = Lamle96.TamangFoodSwiftUITests;
				PRODUCT_NAME = "$(TARGET_NAME)";
				SWIFT_EMIT_LOC_STRINGS = NO;
				SWIFT_VERSION = 5.0;
				TARGETED_DEVICE_FAMILY = "1,2";
				TEST_HOST = "$(BUILT_PRODUCTS_DIR)/TamangFoodSwiftUI.app/$(BUNDLE_EXECUTABLE_FOLDER_PATH)/TamangFoodSwiftUI";
			};
			name = Debug;
		};
		04EE7AFE2DA521DD00BA8EE1 /* Release */ = {
			isa = XCBuildConfiguration;
			buildSettings = {
				ALWAYS_EMBED_SWIFT_STANDARD_LIBRARIES = YES;
				BUNDLE_LOADER = "$(TEST_HOST)";
				CODE_SIGN_STYLE = Automatic;
				CURRENT_PROJECT_VERSION = 1;
				DEVELOPMENT_TEAM = VN26ACW8NV;
				GENERATE_INFOPLIST_FILE = YES;
				IPHONEOS_DEPLOYMENT_TARGET = 17.4;
				MARKETING_VERSION = 1.0;
				PRODUCT_BUNDLE_IDENTIFIER = Lamle96.TamangFoodSwiftUITests;
				PRODUCT_NAME = "$(TARGET_NAME)";
				SWIFT_EMIT_LOC_STRINGS = NO;
				SWIFT_VERSION = 5.0;
				TARGETED_DEVICE_FAMILY = "1,2";
				TEST_HOST = "$(BUILT_PRODUCTS_DIR)/TamangFoodSwiftUI.app/$(BUNDLE_EXECUTABLE_FOLDER_PATH)/TamangFoodSwiftUI";
			};
			name = Release;
		};
		04EE7B002DA521DD00BA8EE1 /* Debug */ = {
			isa = XCBuildConfiguration;
			buildSettings = {
				ALWAYS_EMBED_SWIFT_STANDARD_LIBRARIES = YES;
				CODE_SIGN_STYLE = Automatic;
				CURRENT_PROJECT_VERSION = 1;
				DEVELOPMENT_TEAM = VN26ACW8NV;
				GENERATE_INFOPLIST_FILE = YES;
				MARKETING_VERSION = 1.0;
				PRODUCT_BUNDLE_IDENTIFIER = Lamle96.TamangFoodSwiftUIUITests;
				PRODUCT_NAME = "$(TARGET_NAME)";
				SWIFT_EMIT_LOC_STRINGS = NO;
				SWIFT_VERSION = 5.0;
				TARGETED_DEVICE_FAMILY = "1,2";
				TEST_TARGET_NAME = TamangFoodSwiftUI;
			};
			name = Debug;
		};
		04EE7B012DA521DD00BA8EE1 /* Release */ = {
			isa = XCBuildConfiguration;
			buildSettings = {
				ALWAYS_EMBED_SWIFT_STANDARD_LIBRARIES = YES;
				CODE_SIGN_STYLE = Automatic;
				CURRENT_PROJECT_VERSION = 1;
				DEVELOPMENT_TEAM = VN26ACW8NV;
				GENERATE_INFOPLIST_FILE = YES;
				MARKETING_VERSION = 1.0;
				PRODUCT_BUNDLE_IDENTIFIER = Lamle96.TamangFoodSwiftUIUITests;
				PRODUCT_NAME = "$(TARGET_NAME)";
				SWIFT_EMIT_LOC_STRINGS = NO;
				SWIFT_VERSION = 5.0;
				TARGETED_DEVICE_FAMILY = "1,2";
				TEST_TARGET_NAME = TamangFoodSwiftUI;
			};
			name = Release;
		};
/* End XCBuildConfiguration section */

/* Begin XCConfigurationList section */
		04EE7AD02DA521DB00BA8EE1 /* Build configuration list for PBXProject "TamangFoodSwiftUI" */ = {
			isa = XCConfigurationList;
			buildConfigurations = (
				04EE7AF72DA521DD00BA8EE1 /* Debug */,
				04EE7AF82DA521DD00BA8EE1 /* Release */,
			);
			defaultConfigurationIsVisible = 0;
			defaultConfigurationName = Release;
		};
		04EE7AF92DA521DD00BA8EE1 /* Build configuration list for PBXNativeTarget "TamangFoodSwiftUI" */ = {
			isa = XCConfigurationList;
			buildConfigurations = (
				04EE7AFA2DA521DD00BA8EE1 /* Debug */,
				04EE7AFB2DA521DD00BA8EE1 /* Release */,
			);
			defaultConfigurationIsVisible = 0;
			defaultConfigurationName = Release;
		};
		04EE7AFC2DA521DD00BA8EE1 /* Build configuration list for PBXNativeTarget "TamangFoodSwiftUITests" */ = {
			isa = XCConfigurationList;
			buildConfigurations = (
				04EE7AFD2DA521DD00BA8EE1 /* Debug */,
				04EE7AFE2DA521DD00BA8EE1 /* Release */,
			);
			defaultConfigurationIsVisible = 0;
			defaultConfigurationName = Release;
		};
		04EE7AFF2DA521DD00BA8EE1 /* Build configuration list for PBXNativeTarget "TamangFoodSwiftUIUITests" */ = {
			isa = XCConfigurationList;
			buildConfigurations = (
				04EE7B002DA521DD00BA8EE1 /* Debug */,
				04EE7B012DA521DD00BA8EE1 /* Release */,
			);
			defaultConfigurationIsVisible = 0;
			defaultConfigurationName = Release;
		};
/* End XCConfigurationList section */
	};
	rootObject = 04EE7ACD2DA521DB00BA8EE1 /* Project object */;
}
